dependencies:
  idf:
    component_hash: null
    source:
      type: idf
    version: 5.2.1
  protocol_examples_common:
    component_hash: null
    source:
      path: E:\Programs\ESP-IDF\v5.2.1\esp-idf\examples\common_components\protocol_examples_common
      type: local
    version: '*'
manifest_hash: 0cf20b40cf5ac99e4d819f1863ae1f6704eede1c289b75165dac7157c00d9349
target: esp32
version: 1.0.0
